
Microsoft Visual Studio Solution File, Format Version 12.00
# Visual Studio Version 17
VisualStudioVersion = 17.12.35707.178 d17.12
MinimumVisualStudioVersion = 10.0.40219.1
Project("{FAE04EC0-301F-11D3-BF4B-00C04F79EFBC}") = "biblioteca", "biblioteca\biblioteca.csproj", "{B9B3E245-4558-498D-8AFE-8C17FEE1ADFB}"
EndProject
Global
	GlobalSection(SolutionConfigurationPlatforms) = preSolution
		Debug|Any CPU = Debug|Any CPU
		Release|Any CPU = Release|Any CPU
	EndGlobalSection
	GlobalSection(ProjectConfigurationPlatforms) = postSolution
		{B9B3E245-4558-498D-8AFE-8C17FEE1ADFB}.Debug|Any CPU.ActiveCfg = Debug|Any CPU
		{B9B3E245-4558-498D-8AFE-8C17FEE1ADFB}.Debug|Any CPU.Build.0 = Debug|Any CPU
		{B9B3E245-4558-498D-8AFE-8C17FEE1ADFB}.Release|Any CPU.ActiveCfg = Release|Any CPU
		{B9B3E245-4558-498D-8AFE-8C17FEE1ADFB}.Release|Any CPU.Build.0 = Release|Any CPU
	EndGlobalSection
	GlobalSection(SolutionProperties) = preSolution
		HideSolutionNode = FALSE
	EndGlobalSection
EndGlobal
